
Microsoft Visual Studio Solution File, Format Version 12.00
# Visual Studio Version 16
VisualStudioVersion = 16.0.29519.87
MinimumVisualStudioVersion = 10.0.40219.1
Project("{9A19103F-16F7-4668-BE54-9A1E7A4F7556}") = "YouTubeAdSkipper", "YouTubeAdSkipper.csproj", "{7EDDC182-8086-4CDE-ACB2-41F842B5D27A}"
EndProject
Global
	GlobalSection(SolutionConfigurationPlatforms) = preSolution
		Debug|Any CPU = Debug|Any CPU
		Release|Any CPU = Release|Any CPU
	EndGlobalSection
	GlobalSection(ProjectConfigurationPlatforms) = postSolution
		{7EDDC182-8086-4CDE-ACB2-41F842B5D27A}.Debug|Any CPU.ActiveCfg = Debug|Any CPU
		{7EDDC182-8086-4CDE-ACB2-41F842B5D27A}.Debug|Any CPU.Build.0 = Debug|Any CPU
		{7EDDC182-8086-4CDE-ACB2-41F842B5D27A}.Release|Any CPU.ActiveCfg = Release|Any CPU
		{7EDDC182-8086-4CDE-ACB2-41F842B5D27A}.Release|Any CPU.Build.0 = Release|Any CPU
	EndGlobalSection
	GlobalSection(SolutionProperties) = preSolution
		HideSolutionNode = FALSE
	EndGlobalSection
	GlobalSection(ExtensibilityGlobals) = postSolution
		SolutionGuid = {CEE01AB6-555F-488D-8A65-E3DFA710D331}
	EndGlobalSection
EndGlobal
